
Microsoft Visual Studio Solution File, Format Version 12.00
# Visual Studio 15
VisualStudioVersion = 15.0.26430.12
MinimumVisualStudioVersion = 10.0.40219.1
Project("{9A19103F-16F7-4668-BE54-9A1E7A4F7556}") = "WebSuiteDDD.SharedKernel", "WebSuiteDDD.SharedKernel\WebSuiteDDD.SharedKernel.csproj", "{BA0EED46-702F-4BFC-8825-02A83C76D495}"
EndProject
Project("{2150E333-8FDC-42A3-9474-1A3956D46DE8}") = "BoundedContexts", "BoundedContexts", "{ACFD15EE-AB61-4EB1-AEA1-F912DF3E4809}"
EndProject
Project("{2150E333-8FDC-42A3-9474-1A3956D46DE8}") = "LoadTesting", "LoadTesting", "{7DC95DFC-BD58-45BE-BDE6-BAF571E20F32}"
EndProject
Project("{9A19103F-16F7-4668-BE54-9A1E7A4F7556}") = "WebSuiteDDD.Loadtesting.Domain", "WebSuiteDDD.Loadtesting.Domain\WebSuiteDDD.Loadtesting.Domain.csproj", "{DDA1DBED-1D47-4615-B9E8-5A032226DDFB}"
EndProject
Project("{9A19103F-16F7-4668-BE54-9A1E7A4F7556}") = "WebSuiteDDD.Loadtesting.UnitTests", "WebSuiteDDD.Loadtesting.UnitTests\WebSuiteDDD.Loadtesting.UnitTests.csproj", "{DC4C9B61-3865-49AC-BDF0-E5075F1486EB}"
EndProject
Project("{9A19103F-16F7-4668-BE54-9A1E7A4F7556}") = "WebSuiteDDD.Repository.EF", "WebSuiteDDD.Repository.EF\WebSuiteDDD.Repository.EF.csproj", "{75C6E804-5117-4CA8-8066-F0A35B82A92C}"
EndProject
Project("{9A19103F-16F7-4668-BE54-9A1E7A4F7556}") = "WebSuiteDDD.Loadtesting.Repository.EF", "WebSuiteDDD.Loadtesting.Repository.EF\WebSuiteDDD.Loadtesting.Repository.EF.csproj", "{DEA47865-D39B-4097-914E-26AD7ED403A2}"
EndProject
Project("{FAE04EC0-301F-11D3-BF4B-00C04F79EFBC}") = "DemoDatabaseTester", "DemoDatabaseTester\DemoDatabaseTester.csproj", "{69F58E4C-D978-419A-9E2A-8E8D3677DF8A}"
EndProject
Global
	GlobalSection(SolutionConfigurationPlatforms) = preSolution
		Debug|Any CPU = Debug|Any CPU
		Release|Any CPU = Release|Any CPU
	EndGlobalSection
	GlobalSection(ProjectConfigurationPlatforms) = postSolution
		{BA0EED46-702F-4BFC-8825-02A83C76D495}.Debug|Any CPU.ActiveCfg = Debug|Any CPU
		{BA0EED46-702F-4BFC-8825-02A83C76D495}.Debug|Any CPU.Build.0 = Debug|Any CPU
		{BA0EED46-702F-4BFC-8825-02A83C76D495}.Release|Any CPU.ActiveCfg = Release|Any CPU
		{BA0EED46-702F-4BFC-8825-02A83C76D495}.Release|Any CPU.Build.0 = Release|Any CPU
		{DDA1DBED-1D47-4615-B9E8-5A032226DDFB}.Debug|Any CPU.ActiveCfg = Debug|Any CPU
		{DDA1DBED-1D47-4615-B9E8-5A032226DDFB}.Debug|Any CPU.Build.0 = Debug|Any CPU
		{DDA1DBED-1D47-4615-B9E8-5A032226DDFB}.Release|Any CPU.ActiveCfg = Release|Any CPU
		{DDA1DBED-1D47-4615-B9E8-5A032226DDFB}.Release|Any CPU.Build.0 = Release|Any CPU
		{DC4C9B61-3865-49AC-BDF0-E5075F1486EB}.Debug|Any CPU.ActiveCfg = Debug|Any CPU
		{DC4C9B61-3865-49AC-BDF0-E5075F1486EB}.Debug|Any CPU.Build.0 = Debug|Any CPU
		{DC4C9B61-3865-49AC-BDF0-E5075F1486EB}.Release|Any CPU.ActiveCfg = Release|Any CPU
		{DC4C9B61-3865-49AC-BDF0-E5075F1486EB}.Release|Any CPU.Build.0 = Release|Any CPU
		{75C6E804-5117-4CA8-8066-F0A35B82A92C}.Debug|Any CPU.ActiveCfg = Debug|Any CPU
		{75C6E804-5117-4CA8-8066-F0A35B82A92C}.Debug|Any CPU.Build.0 = Debug|Any CPU
		{75C6E804-5117-4CA8-8066-F0A35B82A92C}.Release|Any CPU.ActiveCfg = Release|Any CPU
		{75C6E804-5117-4CA8-8066-F0A35B82A92C}.Release|Any CPU.Build.0 = Release|Any CPU
		{DEA47865-D39B-4097-914E-26AD7ED403A2}.Debug|Any CPU.ActiveCfg = Debug|Any CPU
		{DEA47865-D39B-4097-914E-26AD7ED403A2}.Debug|Any CPU.Build.0 = Debug|Any CPU
		{DEA47865-D39B-4097-914E-26AD7ED403A2}.Release|Any CPU.ActiveCfg = Release|Any CPU
		{DEA47865-D39B-4097-914E-26AD7ED403A2}.Release|Any CPU.Build.0 = Release|Any CPU
		{69F58E4C-D978-419A-9E2A-8E8D3677DF8A}.Debug|Any CPU.ActiveCfg = Debug|Any CPU
		{69F58E4C-D978-419A-9E2A-8E8D3677DF8A}.Debug|Any CPU.Build.0 = Debug|Any CPU
		{69F58E4C-D978-419A-9E2A-8E8D3677DF8A}.Release|Any CPU.ActiveCfg = Release|Any CPU
		{69F58E4C-D978-419A-9E2A-8E8D3677DF8A}.Release|Any CPU.Build.0 = Release|Any CPU
	EndGlobalSection
	GlobalSection(SolutionProperties) = preSolution
		HideSolutionNode = FALSE
	EndGlobalSection
	GlobalSection(NestedProjects) = preSolution
		{7DC95DFC-BD58-45BE-BDE6-BAF571E20F32} = {ACFD15EE-AB61-4EB1-AEA1-F912DF3E4809}
		{DDA1DBED-1D47-4615-B9E8-5A032226DDFB} = {7DC95DFC-BD58-45BE-BDE6-BAF571E20F32}
		{DC4C9B61-3865-49AC-BDF0-E5075F1486EB} = {7DC95DFC-BD58-45BE-BDE6-BAF571E20F32}
		{DEA47865-D39B-4097-914E-26AD7ED403A2} = {7DC95DFC-BD58-45BE-BDE6-BAF571E20F32}
	EndGlobalSection
EndGlobal
